
Microsoft Visual Studio Solution File, Format Version 12.00
# Visual Studio Version 17
VisualStudioVersion = 17.9.34728.123
MinimumVisualStudioVersion = 10.0.40219.1
Project("{9A19103F-16F7-4668-BE54-9A1E7A4F7556}") = "Minecraft Server GUI", "Minecraft Server GUI\Minecraft Server GUI.csproj", "{7F150833-173D-49AC-9716-F0507412FBD4}"
EndProject
Project("{9A19103F-16F7-4668-BE54-9A1E7A4F7556}") = "RCON on Telegram", "RCON on Telegram\RCON on Telegram.csproj", "{1392D9B4-2EB6-40B0-94E0-B251B9CC8754}"
EndProject
Project("{2150E333-8FDC-42A3-9474-1A3956D46DE8}") = "Solution Items", "Solution Items", "{192AEB27-0E56-4BD8-9B60-9E124E55D2D4}"
	ProjectSection(SolutionItems) = preProject
		.editorconfig = .editorconfig
	EndProjectSection
EndProject
Global
	GlobalSection(SolutionConfigurationPlatforms) = preSolution
		Debug|Any CPU = Debug|Any CPU
		Release|Any CPU = Release|Any CPU
	EndGlobalSection
	GlobalSection(ProjectConfigurationPlatforms) = postSolution
		{7F150833-173D-49AC-9716-F0507412FBD4}.Debug|Any CPU.ActiveCfg = Debug|Any CPU
		{7F150833-173D-49AC-9716-F0507412FBD4}.Debug|Any CPU.Build.0 = Debug|Any CPU
		{7F150833-173D-49AC-9716-F0507412FBD4}.Release|Any CPU.ActiveCfg = Release|Any CPU
		{7F150833-173D-49AC-9716-F0507412FBD4}.Release|Any CPU.Build.0 = Release|Any CPU
		{1392D9B4-2EB6-40B0-94E0-B251B9CC8754}.Debug|Any CPU.ActiveCfg = Debug|Any CPU
		{1392D9B4-2EB6-40B0-94E0-B251B9CC8754}.Debug|Any CPU.Build.0 = Debug|Any CPU
		{1392D9B4-2EB6-40B0-94E0-B251B9CC8754}.Release|Any CPU.ActiveCfg = Release|Any CPU
		{1392D9B4-2EB6-40B0-94E0-B251B9CC8754}.Release|Any CPU.Build.0 = Release|Any CPU
	EndGlobalSection
	GlobalSection(SolutionProperties) = preSolution
		HideSolutionNode = FALSE
	EndGlobalSection
	GlobalSection(ExtensibilityGlobals) = postSolution
		SolutionGuid = {357D2275-06CC-43C8-87FC-5C36A7461B2A}
	EndGlobalSection
EndGlobal
